{
  "pins" : [
    {
      "identity" : "checkmarkcollectionviewcell",
      "kind" : "remoteSourceControl",
      "location" : "https://github.com/yonat/CheckmarkCollectionViewCell",
      "state" : {
        "revision" : "d5be769035881c69a0206ad2e86f89927be9dda0",
        "version" : "1.0.5"
      }
    },
    {
      "identity" : "iqkeyboardmanager",
      "kind" : "remoteSourceControl",
      "location" : "https://github.com/hackiftekhar/IQKeyboardManager.git",
      "state" : {
        "branch" : "master",
        "revision" : "f0fad1d51f9710cbd0ac6d49121d8b7fddd5c7f6"
      }
    },
    {
      "identity" : "jgprogresshud",
      "kind" : "remoteSourceControl",
      "location" : "https://github.com/JonasGessner/JGProgressHUD.git",
      "state" : {
        "revision" : "78d7cd35f1d90ff74fd82e486f2cbe4b24be8cf9",
        "version" : "2.2.0"
      }
    },
    {
      "identity" : "sdwebimage",
      "kind" : "remoteSourceControl",
      "location" : "https://github.com/SDWebImage/SDWebImage",
      "state" : {
        "branch" : "master",
        "revision" : "c4b8660bb3ef543fe4bdcaac0db956b32dc5583f"
      }
    },
    {
      "identity" : "sdwebimageswiftui",
      "kind" : "remoteSourceControl",
      "location" : "https://github.com/SDWebImage/SDWebImageSwiftUI",
      "state" : {
        "revision" : "cd8625b7cf11a97698e180d28bb7d5d357196678",
        "version" : "2.0.2"
      }
    },
    {
      "identity" : "sweeterswift",
      "kind" : "remoteSourceControl",
      "location" : "https://github.com/yonat/SweeterSwift",
      "state" : {
        "revision" : "74b3d19dc80158b2a87240d05894154a1ba7f2ef",
        "version" : "1.2.1"
      }
    },
    {
      "identity" : "youtube-ios-player-helper",
      "kind" : "remoteSourceControl",
      "location" : "https://github.com/youtube/youtube-ios-player-helper.git",
      "state" : {
        "revision" : "f57129cd4380ec0a74dd3a59da3270a1d653d59b",
        "version" : "1.0.4"
      }
    }
  ],
  "version" : 2
}
