{
  "pins" : [
    {
      "identity" : "activityview",
      "kind" : "remoteSourceControl",
      "location" : "https://github.com/SwiftUI-Plus/ActivityView.git",
      "state" : {
        "revision" : "444ff3755e49b0284c12360b3db0d64d31f0c3f8",
        "version" : "1.2.0"
      }
    },
    {
      "identity" : "iqkeyboardmanager",
      "kind" : "remoteSourceControl",
      "location" : "https://github.com/hackiftekhar/IQKeyboardManager.git",
      "state" : {
        "branch" : "master",
        "revision" : "f0fad1d51f9710cbd0ac6d49121d8b7fddd5c7f6"
      }
    },
    {
      "identity" : "jgprogresshud",
      "kind" : "remoteSourceControl",
      "location" : "https://github.com/JonasGessner/JGProgressHUD.git",
      "state" : {
        "revision" : "78d7cd35f1d90ff74fd82e486f2cbe4b24be8cf9",
        "version" : "2.2.0"
      }
    },
    {
      "identity" : "lottie-ios",
      "kind" : "remoteSourceControl",
      "location" : "https://github.com/airbnb/lottie-ios.git",
      "state" : {
        "branch" : "master",
        "revision" : "818cf21b6a9046a509fd2319e26485886d387077"
      }
    },
    {
      "identity" : "openaiswift",
      "kind" : "remoteSourceControl",
      "location" : "https://github.com/adamrushy/OpenAISwift.git",
      "state" : {
        "revision" : "ed0c6f2dacbac4b3f4028751ed10fcfbf71a8a1d",
        "version" : "1.1.1"
      }
    },
    {
      "identity" : "sdwebimage",
      "kind" : "remoteSourceControl",
      "location" : "https://github.com/SDWebImage/SDWebImage",
      "state" : {
        "branch" : "master",
        "revision" : "c4b8660bb3ef543fe4bdcaac0db956b32dc5583f"
      }
    },
    {
      "identity" : "sdwebimageswiftui",
      "kind" : "remoteSourceControl",
      "location" : "https://github.com/SDWebImage/SDWebImageSwiftUI",
      "state" : {
        "revision" : "cd8625b7cf11a97698e180d28bb7d5d357196678",
        "version" : "2.0.2"
      }
    },
    {
      "identity" : "youtube-ios-player-helper",
      "kind" : "remoteSourceControl",
      "location" : "https://github.com/youtube/youtube-ios-player-helper.git",
      "state" : {
        "revision" : "f57129cd4380ec0a74dd3a59da3270a1d653d59b",
        "version" : "1.0.4"
      }
    }
  ],
  "version" : 2
}
